
Microsoft Visual Studio Solution File, Format Version 12.00
# Visual Studio Version 17
VisualStudioVersion = 17.4.33122.133
MinimumVisualStudioVersion = 10.0.40219.1
Project("{9A19103F-16F7-4668-BE54-9A1E7A4F7556}") = "AdventOfCode2022", "AdventOfCode2022\AdventOfCode2022.csproj", "{0FAC2311-2643-4060-8901-4C01BC6637EC}"
EndProject
Project("{FAE04EC0-301F-11D3-BF4B-00C04F79EFBC}") = "AdventOfCode2023", "AdventOfCode2023\AdventOfCode2023.csproj", "{CA1BAB8A-51D3-4150-890D-C4C75CFF1B0A}"
EndProject
Project("{FAE04EC0-301F-11D3-BF4B-00C04F79EFBC}") = "AdventOfCode2024", "AdventOfCode2024\AdventOfCode2024.csproj", "{4CA017BD-50E3-46AA-A698-C216543CB365}"
EndProject
Global
	GlobalSection(SolutionConfigurationPlatforms) = preSolution
		Debug|Any CPU = Debug|Any CPU
		Release|Any CPU = Release|Any CPU
	EndGlobalSection
	GlobalSection(ProjectConfigurationPlatforms) = postSolution
		{0FAC2311-2643-4060-8901-4C01BC6637EC}.Debug|Any CPU.ActiveCfg = Debug|Any CPU
		{0FAC2311-2643-4060-8901-4C01BC6637EC}.Debug|Any CPU.Build.0 = Debug|Any CPU
		{0FAC2311-2643-4060-8901-4C01BC6637EC}.Release|Any CPU.ActiveCfg = Release|Any CPU
		{0FAC2311-2643-4060-8901-4C01BC6637EC}.Release|Any CPU.Build.0 = Release|Any CPU
		{CA1BAB8A-51D3-4150-890D-C4C75CFF1B0A}.Debug|Any CPU.ActiveCfg = Debug|Any CPU
		{CA1BAB8A-51D3-4150-890D-C4C75CFF1B0A}.Debug|Any CPU.Build.0 = Debug|Any CPU
		{CA1BAB8A-51D3-4150-890D-C4C75CFF1B0A}.Release|Any CPU.ActiveCfg = Release|Any CPU
		{CA1BAB8A-51D3-4150-890D-C4C75CFF1B0A}.Release|Any CPU.Build.0 = Release|Any CPU
		{4CA017BD-50E3-46AA-A698-C216543CB365}.Debug|Any CPU.ActiveCfg = Debug|Any CPU
		{4CA017BD-50E3-46AA-A698-C216543CB365}.Debug|Any CPU.Build.0 = Debug|Any CPU
		{4CA017BD-50E3-46AA-A698-C216543CB365}.Release|Any CPU.ActiveCfg = Release|Any CPU
		{4CA017BD-50E3-46AA-A698-C216543CB365}.Release|Any CPU.Build.0 = Release|Any CPU
	EndGlobalSection
	GlobalSection(SolutionProperties) = preSolution
		HideSolutionNode = FALSE
	EndGlobalSection
	GlobalSection(ExtensibilityGlobals) = postSolution
		SolutionGuid = {663558A4-D007-489C-8E80-8F82B5DC89CB}
	EndGlobalSection
EndGlobal
